
Microsoft Visual Studio Solution File, Format Version 12.00
# Visual Studio Version 17
VisualStudioVersion = 17.0.31903.59
MinimumVisualStudioVersion = 10.0.40219.1
Project("{FAE04EC0-301F-11D3-BF4B-00C04F79EFBC}") = "AcityChallenge.Domain", "AcityChallenge.Domain\AcityChallenge.Domain.csproj", "{D43FE8CE-0F41-427A-BEDA-C6D59B75DEA0}"
EndProject
Project("{FAE04EC0-301F-11D3-BF4B-00C04F79EFBC}") = "AcityChallenge.Application", "AcityChallenge.Application\AcityChallenge.Application.csproj", "{17BD2CF6-8D19-43A4-97BB-2EB54878E0A2}"
EndProject
Project("{FAE04EC0-301F-11D3-BF4B-00C04F79EFBC}") = "AcityChallenge.Infrastructure", "AcityChallenge.Infrastructure\AcityChallenge.Infrastructure.csproj", "{00E164AC-FEDA-4E45-B6C9-D44B98713E4E}"
EndProject
Project("{FAE04EC0-301F-11D3-BF4B-00C04F79EFBC}") = "AcityChallenge.Api", "AcityChallenge.Api\AcityChallenge.Api.csproj", "{694E65B1-5A25-4E58-BD2E-DC207595C16C}"
EndProject
Global
	GlobalSection(SolutionConfigurationPlatforms) = preSolution
		Debug|Any CPU = Debug|Any CPU
		Debug|x64 = Debug|x64
		Debug|x86 = Debug|x86
		Release|Any CPU = Release|Any CPU
		Release|x64 = Release|x64
		Release|x86 = Release|x86
	EndGlobalSection
	GlobalSection(ProjectConfigurationPlatforms) = postSolution
		{D43FE8CE-0F41-427A-BEDA-C6D59B75DEA0}.Debug|Any CPU.ActiveCfg = Debug|Any CPU
		{D43FE8CE-0F41-427A-BEDA-C6D59B75DEA0}.Debug|Any CPU.Build.0 = Debug|Any CPU
		{D43FE8CE-0F41-427A-BEDA-C6D59B75DEA0}.Debug|x64.ActiveCfg = Debug|Any CPU
		{D43FE8CE-0F41-427A-BEDA-C6D59B75DEA0}.Debug|x64.Build.0 = Debug|Any CPU
		{D43FE8CE-0F41-427A-BEDA-C6D59B75DEA0}.Debug|x86.ActiveCfg = Debug|Any CPU
		{D43FE8CE-0F41-427A-BEDA-C6D59B75DEA0}.Debug|x86.Build.0 = Debug|Any CPU
		{D43FE8CE-0F41-427A-BEDA-C6D59B75DEA0}.Release|Any CPU.ActiveCfg = Release|Any CPU
		{D43FE8CE-0F41-427A-BEDA-C6D59B75DEA0}.Release|Any CPU.Build.0 = Release|Any CPU
		{D43FE8CE-0F41-427A-BEDA-C6D59B75DEA0}.Release|x64.ActiveCfg = Release|Any CPU
		{D43FE8CE-0F41-427A-BEDA-C6D59B75DEA0}.Release|x64.Build.0 = Release|Any CPU
		{D43FE8CE-0F41-427A-BEDA-C6D59B75DEA0}.Release|x86.ActiveCfg = Release|Any CPU
		{D43FE8CE-0F41-427A-BEDA-C6D59B75DEA0}.Release|x86.Build.0 = Release|Any CPU
		{17BD2CF6-8D19-43A4-97BB-2EB54878E0A2}.Debug|Any CPU.ActiveCfg = Debug|Any CPU
		{17BD2CF6-8D19-43A4-97BB-2EB54878E0A2}.Debug|Any CPU.Build.0 = Debug|Any CPU
		{17BD2CF6-8D19-43A4-97BB-2EB54878E0A2}.Debug|x64.ActiveCfg = Debug|Any CPU
		{17BD2CF6-8D19-43A4-97BB-2EB54878E0A2}.Debug|x64.Build.0 = Debug|Any CPU
		{17BD2CF6-8D19-43A4-97BB-2EB54878E0A2}.Debug|x86.ActiveCfg = Debug|Any CPU
		{17BD2CF6-8D19-43A4-97BB-2EB54878E0A2}.Debug|x86.Build.0 = Debug|Any CPU
		{17BD2CF6-8D19-43A4-97BB-2EB54878E0A2}.Release|Any CPU.ActiveCfg = Release|Any CPU
		{17BD2CF6-8D19-43A4-97BB-2EB54878E0A2}.Release|Any CPU.Build.0 = Release|Any CPU
		{17BD2CF6-8D19-43A4-97BB-2EB54878E0A2}.Release|x64.ActiveCfg = Release|Any CPU
		{17BD2CF6-8D19-43A4-97BB-2EB54878E0A2}.Release|x64.Build.0 = Release|Any CPU
		{17BD2CF6-8D19-43A4-97BB-2EB54878E0A2}.Release|x86.ActiveCfg = Release|Any CPU
		{17BD2CF6-8D19-43A4-97BB-2EB54878E0A2}.Release|x86.Build.0 = Release|Any CPU
		{00E164AC-FEDA-4E45-B6C9-D44B98713E4E}.Debug|Any CPU.ActiveCfg = Debug|Any CPU
		{00E164AC-FEDA-4E45-B6C9-D44B98713E4E}.Debug|Any CPU.Build.0 = Debug|Any CPU
		{00E164AC-FEDA-4E45-B6C9-D44B98713E4E}.Debug|x64.ActiveCfg = Debug|Any CPU
		{00E164AC-FEDA-4E45-B6C9-D44B98713E4E}.Debug|x64.Build.0 = Debug|Any CPU
		{00E164AC-FEDA-4E45-B6C9-D44B98713E4E}.Debug|x86.ActiveCfg = Debug|Any CPU
		{00E164AC-FEDA-4E45-B6C9-D44B98713E4E}.Debug|x86.Build.0 = Debug|Any CPU
		{00E164AC-FEDA-4E45-B6C9-D44B98713E4E}.Release|Any CPU.ActiveCfg = Release|Any CPU
		{00E164AC-FEDA-4E45-B6C9-D44B98713E4E}.Release|Any CPU.Build.0 = Release|Any CPU
		{00E164AC-FEDA-4E45-B6C9-D44B98713E4E}.Release|x64.ActiveCfg = Release|Any CPU
		{00E164AC-FEDA-4E45-B6C9-D44B98713E4E}.Release|x64.Build.0 = Release|Any CPU
		{00E164AC-FEDA-4E45-B6C9-D44B98713E4E}.Release|x86.ActiveCfg = Release|Any CPU
		{00E164AC-FEDA-4E45-B6C9-D44B98713E4E}.Release|x86.Build.0 = Release|Any CPU
		{694E65B1-5A25-4E58-BD2E-DC207595C16C}.Debug|Any CPU.ActiveCfg = Debug|Any CPU
		{694E65B1-5A25-4E58-BD2E-DC207595C16C}.Debug|Any CPU.Build.0 = Debug|Any CPU
		{694E65B1-5A25-4E58-BD2E-DC207595C16C}.Debug|x64.ActiveCfg = Debug|Any CPU
		{694E65B1-5A25-4E58-BD2E-DC207595C16C}.Debug|x64.Build.0 = Debug|Any CPU
		{694E65B1-5A25-4E58-BD2E-DC207595C16C}.Debug|x86.ActiveCfg = Debug|Any CPU
		{694E65B1-5A25-4E58-BD2E-DC207595C16C}.Debug|x86.Build.0 = Debug|Any CPU
		{694E65B1-5A25-4E58-BD2E-DC207595C16C}.Release|Any CPU.ActiveCfg = Release|Any CPU
		{694E65B1-5A25-4E58-BD2E-DC207595C16C}.Release|Any CPU.Build.0 = Release|Any CPU
		{694E65B1-5A25-4E58-BD2E-DC207595C16C}.Release|x64.ActiveCfg = Release|Any CPU
		{694E65B1-5A25-4E58-BD2E-DC207595C16C}.Release|x64.Build.0 = Release|Any CPU
		{694E65B1-5A25-4E58-BD2E-DC207595C16C}.Release|x86.ActiveCfg = Release|Any CPU
		{694E65B1-5A25-4E58-BD2E-DC207595C16C}.Release|x86.Build.0 = Release|Any CPU
	EndGlobalSection
	GlobalSection(SolutionProperties) = preSolution
		HideSolutionNode = FALSE
	EndGlobalSection
EndGlobal
